<Solution>
  <Folder Name="/backend/" />
  <Folder Name="/backend/src/">
    <Project Path="backend/src/LeaveManagementSystem.API/LeaveManagementSystem.API.csproj" />
    <Project Path="backend/src/LeaveManagementSystem.Business/LeaveManagementSystem.Business.csproj" />
    <Project Path="backend/src/LeaveManagementSystem.Domain/LeaveManagementSystem.Domain.csproj" />
    <Project Path="backend/src/LeaveManagementSystem.Infrastructure/LeaveManagementSystem.Infrastructure.csproj" />
  </Folder>
</Solution>
